# THIS IS AN AUTOGENERATED FILE. DO NOT EDIT THIS FILE DIRECTLY.
# yarn lockfile v1


"kafkajs@^2.0.2":
  "integrity" "sha512-g6CM3fAenofOjR1bfOAqeZUEaSGhNtBscNokybSdW1rmIKYNwBPC9xQzwulFJm36u/xcxXUiCl/L/qfslapihA=="
  "resolved" "https://registry.npmjs.org/kafkajs/-/kafkajs-2.0.2.tgz"
  "version" "2.0.2"
